<Solution>

  <Folder Name="/src/">
    <Project Path="src/TaskManagement.Api/TaskManagement.Api.csproj" />
    <Project Path="src/TaskManagement.Domain/TaskManagement.Domain.csproj" />
    <Project Path="src/TaskManagement.Application/TaskManagement.Application.csproj" />
    <Project Path="src/TaskManagement.Infrastructure/TaskManagement.Infrastructure.csproj" />
  </Folder>

</Solution>
