<Solution>
  <Project Path="TaskManagement.Presentation/TaskManagement.Presentation.csproj" />
  <Project Path="TaskManagement.Domain/TaskManagement.Domain.csproj" />
  <Project Path="TaskManagement.Application/TaskManagement.Application.csproj" />
  <Project Path="TaskManagement.Infrastructure/TaskManagement.Infrastructure.csproj" />
</Solution>
